
Microsoft Visual Studio Solution File, Format Version 11.00
# Visual Studio 2010
Project("{FAE04EC0-301F-11D3-BF4B-00C04F79EFBC}") = "TradingLib.Core", "TradingLib.Core\TradingLib.Core.csproj", "{9C462C17-1D4A-4775-A30B-EA7E2A208986}"
EndProject
Project("{FAE04EC0-301F-11D3-BF4B-00C04F79EFBC}") = "TradingLib.ServiceManager", "TradingLib.Service\TradingLib.ServiceManager.csproj", "{26DAF41B-A868-45E3-94CF-E739153A728E}"
EndProject
Global
	GlobalSection(SolutionConfigurationPlatforms) = preSolution
		Debug|Any CPU = Debug|Any CPU
		Release|Any CPU = Release|Any CPU
	EndGlobalSection
	GlobalSection(ProjectConfigurationPlatforms) = postSolution
		{9C462C17-1D4A-4775-A30B-EA7E2A208986}.Debug|Any CPU.ActiveCfg = Debug|Any CPU
		{9C462C17-1D4A-4775-A30B-EA7E2A208986}.Debug|Any CPU.Build.0 = Debug|Any CPU
		{9C462C17-1D4A-4775-A30B-EA7E2A208986}.Release|Any CPU.ActiveCfg = Release|Any CPU
		{9C462C17-1D4A-4775-A30B-EA7E2A208986}.Release|Any CPU.Build.0 = Release|Any CPU
		{26DAF41B-A868-45E3-94CF-E739153A728E}.Debug|Any CPU.ActiveCfg = Debug|Any CPU
		{26DAF41B-A868-45E3-94CF-E739153A728E}.Debug|Any CPU.Build.0 = Debug|Any CPU
		{26DAF41B-A868-45E3-94CF-E739153A728E}.Release|Any CPU.ActiveCfg = Release|Any CPU
		{26DAF41B-A868-45E3-94CF-E739153A728E}.Release|Any CPU.Build.0 = Release|Any CPU
	EndGlobalSection
	GlobalSection(SolutionProperties) = preSolution
		HideSolutionNode = FALSE
	EndGlobalSection
EndGlobal
