
Microsoft Visual Studio Solution File, Format Version 11.00
# Visual Studio 2010
Project("{FAE04EC0-301F-11D3-BF4B-00C04F79EFBC}") = "TradingLib.Common.Ex", "TradingLib.Common.Ext\TradingLib.Common.Ex.csproj", "{E4592ED8-2AAA-4110-8A89-A0FE697C07B2}"
EndProject
Project("{FAE04EC0-301F-11D3-BF4B-00C04F79EFBC}") = "TradingLib.API.Ex", "TradingLib.API.Ex\TradingLib.API.Ex.csproj", "{14D1C397-B06C-4012-BA32-D1AE6DD41252}"
EndProject
Global
	GlobalSection(SolutionConfigurationPlatforms) = preSolution
		Debug|Any CPU = Debug|Any CPU
		Release|Any CPU = Release|Any CPU
	EndGlobalSection
	GlobalSection(ProjectConfigurationPlatforms) = postSolution
		{E4592ED8-2AAA-4110-8A89-A0FE697C07B2}.Debug|Any CPU.ActiveCfg = Debug|Any CPU
		{E4592ED8-2AAA-4110-8A89-A0FE697C07B2}.Debug|Any CPU.Build.0 = Debug|Any CPU
		{E4592ED8-2AAA-4110-8A89-A0FE697C07B2}.Release|Any CPU.ActiveCfg = Release|Any CPU
		{E4592ED8-2AAA-4110-8A89-A0FE697C07B2}.Release|Any CPU.Build.0 = Release|Any CPU
		{14D1C397-B06C-4012-BA32-D1AE6DD41252}.Debug|Any CPU.ActiveCfg = Debug|Any CPU
		{14D1C397-B06C-4012-BA32-D1AE6DD41252}.Debug|Any CPU.Build.0 = Debug|Any CPU
		{14D1C397-B06C-4012-BA32-D1AE6DD41252}.Release|Any CPU.ActiveCfg = Release|Any CPU
		{14D1C397-B06C-4012-BA32-D1AE6DD41252}.Release|Any CPU.Build.0 = Release|Any CPU
	EndGlobalSection
	GlobalSection(SolutionProperties) = preSolution
		HideSolutionNode = FALSE
	EndGlobalSection
EndGlobal
