
Microsoft Visual Studio Solution File, Format Version 11.00
# Visual Studio 2010
Project("{FAE04EC0-301F-11D3-BF4B-00C04F79EFBC}") = "TradingLib.XLProtocol", "TradingLib.XLProtocol\TradingLib.XLProtocol.csproj", "{6A5109BF-DBEA-4B24-9B87-F2651EFEFCAF}"
EndProject
Project("{FAE04EC0-301F-11D3-BF4B-00C04F79EFBC}") = "APIClient", "APIDemo\APIClient.csproj", "{FE65CAAC-1578-41C3-91F8-CA3591993E3F}"
EndProject
Global
	GlobalSection(SolutionConfigurationPlatforms) = preSolution
		Debug|Any CPU = Debug|Any CPU
		Debug|Mixed Platforms = Debug|Mixed Platforms
		Debug|x86 = Debug|x86
		Release|Any CPU = Release|Any CPU
		Release|Mixed Platforms = Release|Mixed Platforms
		Release|x86 = Release|x86
	EndGlobalSection
	GlobalSection(ProjectConfigurationPlatforms) = postSolution
		{6A5109BF-DBEA-4B24-9B87-F2651EFEFCAF}.Debug|Any CPU.ActiveCfg = Debug|Any CPU
		{6A5109BF-DBEA-4B24-9B87-F2651EFEFCAF}.Debug|Any CPU.Build.0 = Debug|Any CPU
		{6A5109BF-DBEA-4B24-9B87-F2651EFEFCAF}.Debug|Mixed Platforms.ActiveCfg = Debug|Any CPU
		{6A5109BF-DBEA-4B24-9B87-F2651EFEFCAF}.Debug|Mixed Platforms.Build.0 = Debug|Any CPU
		{6A5109BF-DBEA-4B24-9B87-F2651EFEFCAF}.Debug|x86.ActiveCfg = Debug|Any CPU
		{6A5109BF-DBEA-4B24-9B87-F2651EFEFCAF}.Release|Any CPU.ActiveCfg = Release|Any CPU
		{6A5109BF-DBEA-4B24-9B87-F2651EFEFCAF}.Release|Any CPU.Build.0 = Release|Any CPU
		{6A5109BF-DBEA-4B24-9B87-F2651EFEFCAF}.Release|Mixed Platforms.ActiveCfg = Release|Any CPU
		{6A5109BF-DBEA-4B24-9B87-F2651EFEFCAF}.Release|Mixed Platforms.Build.0 = Release|Any CPU
		{6A5109BF-DBEA-4B24-9B87-F2651EFEFCAF}.Release|x86.ActiveCfg = Release|Any CPU
		{FE65CAAC-1578-41C3-91F8-CA3591993E3F}.Debug|Any CPU.ActiveCfg = Debug|x86
		{FE65CAAC-1578-41C3-91F8-CA3591993E3F}.Debug|Mixed Platforms.ActiveCfg = Debug|x86
		{FE65CAAC-1578-41C3-91F8-CA3591993E3F}.Debug|Mixed Platforms.Build.0 = Debug|x86
		{FE65CAAC-1578-41C3-91F8-CA3591993E3F}.Debug|x86.ActiveCfg = Debug|x86
		{FE65CAAC-1578-41C3-91F8-CA3591993E3F}.Debug|x86.Build.0 = Debug|x86
		{FE65CAAC-1578-41C3-91F8-CA3591993E3F}.Release|Any CPU.ActiveCfg = Release|x86
		{FE65CAAC-1578-41C3-91F8-CA3591993E3F}.Release|Mixed Platforms.ActiveCfg = Release|x86
		{FE65CAAC-1578-41C3-91F8-CA3591993E3F}.Release|Mixed Platforms.Build.0 = Release|x86
		{FE65CAAC-1578-41C3-91F8-CA3591993E3F}.Release|x86.ActiveCfg = Release|x86
		{FE65CAAC-1578-41C3-91F8-CA3591993E3F}.Release|x86.Build.0 = Release|x86
	EndGlobalSection
	GlobalSection(SolutionProperties) = preSolution
		HideSolutionNode = FALSE
	EndGlobalSection
EndGlobal
